// !$*UTF8*$!
{
	archiveVersion = 1;
	classes = {
	};
	objectVersion = 55;
	objects = {

/* Begin PBXBuildFile section */
		AC01F75A29DA24CA00283A79 /* AppDelegate.swift in Sources */ = {isa = PBXBuildFile; fileRef = AC01F75929DA24CA00283A79 /* AppDelegate.swift */; };
		AC01F75C29DA24CA00283A79 /* SceneDelegate.swift in Sources */ = {isa = PBXBuildFile; fileRef = AC01F75B29DA24CA00283A79 /* SceneDelegate.swift */; };
		AC01F75E29DA24CA00283A79 /* MainViewController.swift in Sources */ = {isa = PBXBuildFile; fileRef = AC01F75D29DA24CA00283A79 /* MainViewController.swift */; };
		AC01F76129DA24CA00283A79 /* Main.storyboard in Resources */ = {isa = PBXBuildFile; fileRef = AC01F75F29DA24CA00283A79 /* Main.storyboard */; };
		AC01F76329DA24D300283A79 /* Assets.xcassets in Resources */ = {isa = PBXBuildFile; fileRef = AC01F76229DA24D300283A79 /* Assets.xcassets */; };
		AC01F76629DA24D300283A79 /* LaunchScreen.storyboard in Resources */ = {isa = PBXBuildFile; fileRef = AC01F76429DA24D300283A79 /* LaunchScreen.storyboard */; };
		AC01F76E29DA257A00283A79 /* NetworkManager.swift in Sources */ = {isa = PBXBuildFile; fileRef = AC01F76D29DA257900283A79 /* NetworkManager.swift */; };
		AC01F77029DA25FC00283A79 /* Models.swift in Sources */ = {isa = PBXBuildFile; fileRef = AC01F76F29DA25FC00283A79 /* Models.swift */; };
		AC01F77229DA27A000283A79 /* FetchingErrors.swift in Sources */ = {isa = PBXBuildFile; fileRef = AC01F77129DA27A000283A79 /* FetchingErrors.swift */; };
		AC01F77429DA3D9700283A79 /* URLs.swift in Sources */ = {isa = PBXBuildFile; fileRef = AC01F77329DA3D9600283A79 /* URLs.swift */; };
		AC01F77629DA406E00283A79 /* API.swift in Sources */ = {isa = PBXBuildFile; fileRef = AC01F77529DA406E00283A79 /* API.swift */; };
		AC01F77829DAEFA700283A79 /* MainViewModel.swift in Sources */ = {isa = PBXBuildFile; fileRef = AC01F77729DAEFA700283A79 /* MainViewModel.swift */; };
		AC01F77A29DAF1C900283A79 /* MainModel.swift in Sources */ = {isa = PBXBuildFile; fileRef = AC01F77929DAF1C900283A79 /* MainModel.swift */; };
		AC01F77C29DAF4DB00283A79 /* CategoryHeader.swift in Sources */ = {isa = PBXBuildFile; fileRef = AC01F77B29DAF4DB00283A79 /* CategoryHeader.swift */; };
		AC01F77E29DAF9E600283A79 /* MealCell.swift in Sources */ = {isa = PBXBuildFile; fileRef = AC01F77D29DAF9E600283A79 /* MealCell.swift */; };
		AC01F78229DB054500283A79 /* UIColor +.swift in Sources */ = {isa = PBXBuildFile; fileRef = AC01F78129DB054500283A79 /* UIColor +.swift */; };
		AC01F78429DB10F700283A79 /* WebImageView.swift in Sources */ = {isa = PBXBuildFile; fileRef = AC01F78329DB10F700283A79 /* WebImageView.swift */; };
		AC01F78629DB128D00283A79 /* UILabel +.swift in Sources */ = {isa = PBXBuildFile; fileRef = AC01F78529DB128D00283A79 /* UILabel +.swift */; };
		AC01F78929DB24BA00283A79 /* CustomLabel.swift in Sources */ = {isa = PBXBuildFile; fileRef = AC01F78829DB24BA00283A79 /* CustomLabel.swift */; };
		AC01F78B29DB6AA500283A79 /* BannerCell.swift in Sources */ = {isa = PBXBuildFile; fileRef = AC01F78A29DB6AA400283A79 /* BannerCell.swift */; };
/* End PBXBuildFile section */

/* Begin PBXFileReference section */
		AC01F75629DA24CA00283A79 /* ArtemTest.app */ = {isa = PBXFileReference; explicitFileType = wrapper.application; includeInIndex = 0; path = ArtemTest.app; sourceTree = BUILT_PRODUCTS_DIR; };
		AC01F75929DA24CA00283A79 /* AppDelegate.swift */ = {isa = PBXFileReference; lastKnownFileType = sourcecode.swift; path = AppDelegate.swift; sourceTree = "<group>"; };
		AC01F75B29DA24CA00283A79 /* SceneDelegate.swift */ = {isa = PBXFileReference; lastKnownFileType = sourcecode.swift; path = SceneDelegate.swift; sourceTree = "<group>"; };
		AC01F75D29DA24CA00283A79 /* MainViewController.swift */ = {isa = PBXFileReference; lastKnownFileType = sourcecode.swift; path = MainViewController.swift; sourceTree = "<group>"; };
		AC01F76029DA24CA00283A79 /* Base */ = {isa = PBXFileReference; lastKnownFileType = file.storyboard; name = Base; path = Base.lproj/Main.storyboard; sourceTree = "<group>"; };
		AC01F76229DA24D300283A79 /* Assets.xcassets */ = {isa = PBXFileReference; lastKnownFileType = folder.assetcatalog; path = Assets.xcassets; sourceTree = "<group>"; };
		AC01F76529DA24D300283A79 /* Base */ = {isa = PBXFileReference; lastKnownFileType = file.storyboard; name = Base; path = Base.lproj/LaunchScreen.storyboard; sourceTree = "<group>"; };
		AC01F76729DA24D300283A79 /* Info.plist */ = {isa = PBXFileReference; lastKnownFileType = text.plist.xml; path = Info.plist; sourceTree = "<group>"; };
		AC01F76D29DA257900283A79 /* NetworkManager.swift */ = {isa = PBXFileReference; lastKnownFileType = sourcecode.swift; path = NetworkManager.swift; sourceTree = "<group>"; };
		AC01F76F29DA25FC00283A79 /* Models.swift */ = {isa = PBXFileReference; lastKnownFileType = sourcecode.swift; path = Models.swift; sourceTree = "<group>"; };
		AC01F77129DA27A000283A79 /* FetchingErrors.swift */ = {isa = PBXFileReference; lastKnownFileType = sourcecode.swift; path = FetchingErrors.swift; sourceTree = "<group>"; };
		AC01F77329DA3D9600283A79 /* URLs.swift */ = {isa = PBXFileReference; lastKnownFileType = sourcecode.swift; path = URLs.swift; sourceTree = "<group>"; };
		AC01F77529DA406E00283A79 /* API.swift */ = {isa = PBXFileReference; lastKnownFileType = sourcecode.swift; path = API.swift; sourceTree = "<group>"; };
		AC01F77729DAEFA700283A79 /* MainViewModel.swift */ = {isa = PBXFileReference; lastKnownFileType = sourcecode.swift; path = MainViewModel.swift; sourceTree = "<group>"; };
		AC01F77929DAF1C900283A79 /* MainModel.swift */ = {isa = PBXFileReference; lastKnownFileType = sourcecode.swift; path = MainModel.swift; sourceTree = "<group>"; };
		AC01F77B29DAF4DB00283A79 /* CategoryHeader.swift */ = {isa = PBXFileReference; lastKnownFileType = sourcecode.swift; path = CategoryHeader.swift; sourceTree = "<group>"; };
		AC01F77D29DAF9E600283A79 /* MealCell.swift */ = {isa = PBXFileReference; lastKnownFileType = sourcecode.swift; path = MealCell.swift; sourceTree = "<group>"; };
		AC01F78129DB054500283A79 /* UIColor +.swift */ = {isa = PBXFileReference; lastKnownFileType = sourcecode.swift; path = "UIColor +.swift"; sourceTree = "<group>"; };
		AC01F78329DB10F700283A79 /* WebImageView.swift */ = {isa = PBXFileReference; lastKnownFileType = sourcecode.swift; path = WebImageView.swift; sourceTree = "<group>"; };
		AC01F78529DB128D00283A79 /* UILabel +.swift */ = {isa = PBXFileReference; lastKnownFileType = sourcecode.swift; path = "UILabel +.swift"; sourceTree = "<group>"; };
		AC01F78829DB24BA00283A79 /* CustomLabel.swift */ = {isa = PBXFileReference; lastKnownFileType = sourcecode.swift; path = CustomLabel.swift; sourceTree = "<group>"; };
		AC01F78A29DB6AA400283A79 /* BannerCell.swift */ = {isa = PBXFileReference; lastKnownFileType = sourcecode.swift; path = BannerCell.swift; sourceTree = "<group>"; };
/* End PBXFileReference section */

/* Begin PBXFrameworksBuildPhase section */
		AC01F75329DA24CA00283A79 /* Frameworks */ = {
			isa = PBXFrameworksBuildPhase;
			buildActionMask = 2147483647;
			files = (
			);
			runOnlyForDeploymentPostprocessing = 0;
		};
/* End PBXFrameworksBuildPhase section */

/* Begin PBXGroup section */
		AC01F74D29DA24CA00283A79 = {
			isa = PBXGroup;
			children = (
				AC01F75829DA24CA00283A79 /* ArtemTest */,
				AC01F75729DA24CA00283A79 /* Products */,
			);
			sourceTree = "<group>";
		};
		AC01F75729DA24CA00283A79 /* Products */ = {
			isa = PBXGroup;
			children = (
				AC01F75629DA24CA00283A79 /* ArtemTest.app */,
			);
			name = Products;
			sourceTree = "<group>";
		};
		AC01F75829DA24CA00283A79 /* ArtemTest */ = {
			isa = PBXGroup;
			children = (
				AC01F75929DA24CA00283A79 /* AppDelegate.swift */,
				AC01F75B29DA24CA00283A79 /* SceneDelegate.swift */,
				AC01F75D29DA24CA00283A79 /* MainViewController.swift */,
				AC01F77729DAEFA700283A79 /* MainViewModel.swift */,
				AC01F78C29DB6B4200283A79 /* Cells & Header */,
				AC01F78029DAFA7D00283A79 /* MainModels */,
				AC01F77F29DAFA6800283A79 /* Services */,
				AC01F78729DB12A000283A79 /* Extensions */,
				AC01F75F29DA24CA00283A79 /* Main.storyboard */,
				AC01F76229DA24D300283A79 /* Assets.xcassets */,
				AC01F76429DA24D300283A79 /* LaunchScreen.storyboard */,
				AC01F76729DA24D300283A79 /* Info.plist */,
			);
			path = ArtemTest;
			sourceTree = "<group>";
		};
		AC01F77F29DAFA6800283A79 /* Services */ = {
			isa = PBXGroup;
			children = (
				AC01F76D29DA257900283A79 /* NetworkManager.swift */,
				AC01F77529DA406E00283A79 /* API.swift */,
				AC01F77129DA27A000283A79 /* FetchingErrors.swift */,
				AC01F77329DA3D9600283A79 /* URLs.swift */,
				AC01F78329DB10F700283A79 /* WebImageView.swift */,
			);
			path = Services;
			sourceTree = "<group>";
		};
		AC01F78029DAFA7D00283A79 /* MainModels */ = {
			isa = PBXGroup;
			children = (
				AC01F77929DAF1C900283A79 /* MainModel.swift */,
				AC01F76F29DA25FC00283A79 /* Models.swift */,
			);
			path = MainModels;
			sourceTree = "<group>";
		};
		AC01F78729DB12A000283A79 /* Extensions */ = {
			isa = PBXGroup;
			children = (
				AC01F78129DB054500283A79 /* UIColor +.swift */,
				AC01F78529DB128D00283A79 /* UILabel +.swift */,
				AC01F78829DB24BA00283A79 /* CustomLabel.swift */,
			);
			path = Extensions;
			sourceTree = "<group>";
		};
		AC01F78C29DB6B4200283A79 /* Cells & Header */ = {
			isa = PBXGroup;
			children = (
				AC01F77B29DAF4DB00283A79 /* CategoryHeader.swift */,
				AC01F77D29DAF9E600283A79 /* MealCell.swift */,
				AC01F78A29DB6AA400283A79 /* BannerCell.swift */,
			);
			path = "Cells & Header";
			sourceTree = "<group>";
		};
/* End PBXGroup section */

/* Begin PBXNativeTarget section */
		AC01F75529DA24CA00283A79 /* ArtemTest */ = {
			isa = PBXNativeTarget;
			buildConfigurationList = AC01F76A29DA24D300283A79 /* Build configuration list for PBXNativeTarget "ArtemTest" */;
			buildPhases = (
				AC01F75229DA24CA00283A79 /* Sources */,
				AC01F75329DA24CA00283A79 /* Frameworks */,
				AC01F75429DA24CA00283A79 /* Resources */,
			);
			buildRules = (
			);
			dependencies = (
			);
			name = ArtemTest;
			productName = ArtemTest;
			productReference = AC01F75629DA24CA00283A79 /* ArtemTest.app */;
			productType = "com.apple.product-type.application";
		};
/* End PBXNativeTarget section */

/* Begin PBXProject section */
		AC01F74E29DA24CA00283A79 /* Project object */ = {
			isa = PBXProject;
			attributes = {
				BuildIndependentTargetsInParallel = 1;
				LastSwiftUpdateCheck = 1320;
				LastUpgradeCheck = 1320;
				TargetAttributes = {
					AC01F75529DA24CA00283A79 = {
						CreatedOnToolsVersion = 13.2.1;
					};
				};
			};
			buildConfigurationList = AC01F75129DA24CA00283A79 /* Build configuration list for PBXProject "ArtemTest" */;
			compatibilityVersion = "Xcode 13.0";
			developmentRegion = en;
			hasScannedForEncodings = 0;
			knownRegions = (
				en,
				Base,
			);
			mainGroup = AC01F74D29DA24CA00283A79;
			productRefGroup = AC01F75729DA24CA00283A79 /* Products */;
			projectDirPath = "";
			projectRoot = "";
			targets = (
				AC01F75529DA24CA00283A79 /* ArtemTest */,
			);
		};
/* End PBXProject section */

/* Begin PBXResourcesBuildPhase section */
		AC01F75429DA24CA00283A79 /* Resources */ = {
			isa = PBXResourcesBuildPhase;
			buildActionMask = 2147483647;
			files = (
				AC01F76629DA24D300283A79 /* LaunchScreen.storyboard in Resources */,
				AC01F76329DA24D300283A79 /* Assets.xcassets in Resources */,
				AC01F76129DA24CA00283A79 /* Main.storyboard in Resources */,
			);
			runOnlyForDeploymentPostprocessing = 0;
		};
/* End PBXResourcesBuildPhase section */

/* Begin PBXSourcesBuildPhase section */
		AC01F75229DA24CA00283A79 /* Sources */ = {
			isa = PBXSourcesBuildPhase;
			buildActionMask = 2147483647;
			files = (
				AC01F77E29DAF9E600283A79 /* MealCell.swift in Sources */,
				AC01F78229DB054500283A79 /* UIColor +.swift in Sources */,
				AC01F78629DB128D00283A79 /* UILabel +.swift in Sources */,
				AC01F77029DA25FC00283A79 /* Models.swift in Sources */,
				AC01F78429DB10F700283A79 /* WebImageView.swift in Sources */,
				AC01F76E29DA257A00283A79 /* NetworkManager.swift in Sources */,
				AC01F75E29DA24CA00283A79 /* MainViewController.swift in Sources */,
				AC01F78B29DB6AA500283A79 /* BannerCell.swift in Sources */,
				AC01F78929DB24BA00283A79 /* CustomLabel.swift in Sources */,
				AC01F77429DA3D9700283A79 /* URLs.swift in Sources */,
				AC01F75A29DA24CA00283A79 /* AppDelegate.swift in Sources */,
				AC01F77C29DAF4DB00283A79 /* CategoryHeader.swift in Sources */,
				AC01F77229DA27A000283A79 /* FetchingErrors.swift in Sources */,
				AC01F77629DA406E00283A79 /* API.swift in Sources */,
				AC01F75C29DA24CA00283A79 /* SceneDelegate.swift in Sources */,
				AC01F77A29DAF1C900283A79 /* MainModel.swift in Sources */,
				AC01F77829DAEFA700283A79 /* MainViewModel.swift in Sources */,
			);
			runOnlyForDeploymentPostprocessing = 0;
		};
/* End PBXSourcesBuildPhase section */

/* Begin PBXVariantGroup section */
		AC01F75F29DA24CA00283A79 /* Main.storyboard */ = {
			isa = PBXVariantGroup;
			children = (
				AC01F76029DA24CA00283A79 /* Base */,
			);
			name = Main.storyboard;
			sourceTree = "<group>";
		};
		AC01F76429DA24D300283A79 /* LaunchScreen.storyboard */ = {
			isa = PBXVariantGroup;
			children = (
				AC01F76529DA24D300283A79 /* Base */,
			);
			name = LaunchScreen.storyboard;
			sourceTree = "<group>";
		};
/* End PBXVariantGroup section */

/* Begin XCBuildConfiguration section */
		AC01F76829DA24D300283A79 /* Debug */ = {
			isa = XCBuildConfiguration;
			buildSettings = {
				ALWAYS_SEARCH_USER_PATHS = NO;
				CLANG_ANALYZER_NONNULL = YES;
				CLANG_ANALYZER_NUMBER_OBJECT_CONVERSION = YES_AGGRESSIVE;
				CLANG_CXX_LANGUAGE_STANDARD = "gnu++17";
				CLANG_CXX_LIBRARY = "libc++";
				CLANG_ENABLE_MODULES = YES;
				CLANG_ENABLE_OBJC_ARC = YES;
				CLANG_ENABLE_OBJC_WEAK = YES;
				CLANG_WARN_BLOCK_CAPTURE_AUTORELEASING = YES;
				CLANG_WARN_BOOL_CONVERSION = YES;
				CLANG_WARN_COMMA = YES;
				CLANG_WARN_CONSTANT_CONVERSION = YES;
				CLANG_WARN_DEPRECATED_OBJC_IMPLEMENTATIONS = YES;
				CLANG_WARN_DIRECT_OBJC_ISA_USAGE = YES_ERROR;
				CLANG_WARN_DOCUMENTATION_COMMENTS = YES;
				CLANG_WARN_EMPTY_BODY = YES;
				CLANG_WARN_ENUM_CONVERSION = YES;
				CLANG_WARN_INFINITE_RECURSION = YES;
				CLANG_WARN_INT_CONVERSION = YES;
				CLANG_WARN_NON_LITERAL_NULL_CONVERSION = YES;
				CLANG_WARN_OBJC_IMPLICIT_RETAIN_SELF = YES;
				CLANG_WARN_OBJC_LITERAL_CONVERSION = YES;
				CLANG_WARN_OBJC_ROOT_CLASS = YES_ERROR;
				CLANG_WARN_QUOTED_INCLUDE_IN_FRAMEWORK_HEADER = YES;
				CLANG_WARN_RANGE_LOOP_ANALYSIS = YES;
				CLANG_WARN_STRICT_PROTOTYPES = YES;
				CLANG_WARN_SUSPICIOUS_MOVE = YES;
				CLANG_WARN_UNGUARDED_AVAILABILITY = YES_AGGRESSIVE;
				CLANG_WARN_UNREACHABLE_CODE = YES;
				CLANG_WARN__DUPLICATE_METHOD_MATCH = YES;
				COPY_PHASE_STRIP = NO;
				DEBUG_INFORMATION_FORMAT = dwarf;
				ENABLE_STRICT_OBJC_MSGSEND = YES;
				ENABLE_TESTABILITY = YES;
				GCC_C_LANGUAGE_STANDARD = gnu11;
				GCC_DYNAMIC_NO_PIC = NO;
				GCC_NO_COMMON_BLOCKS = YES;
				GCC_OPTIMIZATION_LEVEL = 0;
				GCC_PREPROCESSOR_DEFINITIONS = (
					"DEBUG=1",
					"$(inherited)",
				);
				GCC_WARN_64_TO_32_BIT_CONVERSION = YES;
				GCC_WARN_ABOUT_RETURN_TYPE = YES_ERROR;
				GCC_WARN_UNDECLARED_SELECTOR = YES;
				GCC_WARN_UNINITIALIZED_AUTOS = YES_AGGRESSIVE;
				GCC_WARN_UNUSED_FUNCTION = YES;
				GCC_WARN_UNUSED_VARIABLE = YES;
				IPHONEOS_DEPLOYMENT_TARGET = 15.2;
				MTL_ENABLE_DEBUG_INFO = INCLUDE_SOURCE;
				MTL_FAST_MATH = YES;
				ONLY_ACTIVE_ARCH = YES;
				SDKROOT = iphoneos;
				SWIFT_ACTIVE_COMPILATION_CONDITIONS = DEBUG;
				SWIFT_OPTIMIZATION_LEVEL = "-Onone";
			};
			name = Debug;
		};
		AC01F76929DA24D300283A79 /* Release */ = {
			isa = XCBuildConfiguration;
			buildSettings = {
				ALWAYS_SEARCH_USER_PATHS = NO;
				CLANG_ANALYZER_NONNULL = YES;
				CLANG_ANALYZER_NUMBER_OBJECT_CONVERSION = YES_AGGRESSIVE;
				CLANG_CXX_LANGUAGE_STANDARD = "gnu++17";
				CLANG_CXX_LIBRARY = "libc++";
				CLANG_ENABLE_MODULES = YES;
				CLANG_ENABLE_OBJC_ARC = YES;
				CLANG_ENABLE_OBJC_WEAK = YES;
				CLANG_WARN_BLOCK_CAPTURE_AUTORELEASING = YES;
				CLANG_WARN_BOOL_CONVERSION = YES;
				CLANG_WARN_COMMA = YES;
				CLANG_WARN_CONSTANT_CONVERSION = YES;
				CLANG_WARN_DEPRECATED_OBJC_IMPLEMENTATIONS = YES;
				CLANG_WARN_DIRECT_OBJC_ISA_USAGE = YES_ERROR;
				CLANG_WARN_DOCUMENTATION_COMMENTS = YES;
				CLANG_WARN_EMPTY_BODY = YES;
				CLANG_WARN_ENUM_CONVERSION = YES;
				CLANG_WARN_INFINITE_RECURSION = YES;
				CLANG_WARN_INT_CONVERSION = YES;
				CLANG_WARN_NON_LITERAL_NULL_CONVERSION = YES;
				CLANG_WARN_OBJC_IMPLICIT_RETAIN_SELF = YES;
				CLANG_WARN_OBJC_LITERAL_CONVERSION = YES;
				CLANG_WARN_OBJC_ROOT_CLASS = YES_ERROR;
				CLANG_WARN_QUOTED_INCLUDE_IN_FRAMEWORK_HEADER = YES;
				CLANG_WARN_RANGE_LOOP_ANALYSIS = YES;
				CLANG_WARN_STRICT_PROTOTYPES = YES;
				CLANG_WARN_SUSPICIOUS_MOVE = YES;
				CLANG_WARN_UNGUARDED_AVAILABILITY = YES_AGGRESSIVE;
				CLANG_WARN_UNREACHABLE_CODE = YES;
				CLANG_WARN__DUPLICATE_METHOD_MATCH = YES;
				COPY_PHASE_STRIP = NO;
				DEBUG_INFORMATION_FORMAT = "dwarf-with-dsym";
				ENABLE_NS_ASSERTIONS = NO;
				ENABLE_STRICT_OBJC_MSGSEND = YES;
				GCC_C_LANGUAGE_STANDARD = gnu11;
				GCC_NO_COMMON_BLOCKS = YES;
				GCC_WARN_64_TO_32_BIT_CONVERSION = YES;
				GCC_WARN_ABOUT_RETURN_TYPE = YES_ERROR;
				GCC_WARN_UNDECLARED_SELECTOR = YES;
				GCC_WARN_UNINITIALIZED_AUTOS = YES_AGGRESSIVE;
				GCC_WARN_UNUSED_FUNCTION = YES;
				GCC_WARN_UNUSED_VARIABLE = YES;
				IPHONEOS_DEPLOYMENT_TARGET = 15.2;
				MTL_ENABLE_DEBUG_INFO = NO;
				MTL_FAST_MATH = YES;
				SDKROOT = iphoneos;
				SWIFT_COMPILATION_MODE = wholemodule;
				SWIFT_OPTIMIZATION_LEVEL = "-O";
				VALIDATE_PRODUCT = YES;
			};
			name = Release;
		};
		AC01F76B29DA24D300283A79 /* Debug */ = {
			isa = XCBuildConfiguration;
			buildSettings = {
				ASSETCATALOG_COMPILER_APPICON_NAME = AppIcon;
				ASSETCATALOG_COMPILER_GLOBAL_ACCENT_COLOR_NAME = AccentColor;
				CODE_SIGN_STYLE = Automatic;
				CURRENT_PROJECT_VERSION = 1;
				GENERATE_INFOPLIST_FILE = YES;
				INFOPLIST_FILE = ArtemTest/Info.plist;
				INFOPLIST_KEY_UIApplicationSupportsIndirectInputEvents = YES;
				INFOPLIST_KEY_UILaunchStoryboardName = LaunchScreen;
				INFOPLIST_KEY_UIMainStoryboardFile = Main;
				INFOPLIST_KEY_UISupportedInterfaceOrientations_iPad = "UIInterfaceOrientationPortrait UIInterfaceOrientationPortraitUpsideDown UIInterfaceOrientationLandscapeLeft UIInterfaceOrientationLandscapeRight";
				INFOPLIST_KEY_UISupportedInterfaceOrientations_iPhone = "UIInterfaceOrientationPortrait UIInterfaceOrientationLandscapeLeft UIInterfaceOrientationLandscapeRight";
				LD_RUNPATH_SEARCH_PATHS = (
					"$(inherited)",
					"@executable_path/Frameworks",
				);
				MARKETING_VERSION = 1.0;
				PRODUCT_BUNDLE_IDENTIFIER = artem.artem.ArtemTest;
				PRODUCT_NAME = "$(TARGET_NAME)";
				SWIFT_EMIT_LOC_STRINGS = YES;
				SWIFT_VERSION = 5.0;
				TARGETED_DEVICE_FAMILY = "1,2";
			};
			name = Debug;
		};
		AC01F76C29DA24D300283A79 /* Release */ = {
			isa = XCBuildConfiguration;
			buildSettings = {
				ASSETCATALOG_COMPILER_APPICON_NAME = AppIcon;
				ASSETCATALOG_COMPILER_GLOBAL_ACCENT_COLOR_NAME = AccentColor;
				CODE_SIGN_STYLE = Automatic;
				CURRENT_PROJECT_VERSION = 1;
				GENERATE_INFOPLIST_FILE = YES;
				INFOPLIST_FILE = ArtemTest/Info.plist;
				INFOPLIST_KEY_UIApplicationSupportsIndirectInputEvents = YES;
				INFOPLIST_KEY_UILaunchStoryboardName = LaunchScreen;
				INFOPLIST_KEY_UIMainStoryboardFile = Main;
				INFOPLIST_KEY_UISupportedInterfaceOrientations_iPad = "UIInterfaceOrientationPortrait UIInterfaceOrientationPortraitUpsideDown UIInterfaceOrientationLandscapeLeft UIInterfaceOrientationLandscapeRight";
				INFOPLIST_KEY_UISupportedInterfaceOrientations_iPhone = "UIInterfaceOrientationPortrait UIInterfaceOrientationLandscapeLeft UIInterfaceOrientationLandscapeRight";
				LD_RUNPATH_SEARCH_PATHS = (
					"$(inherited)",
					"@executable_path/Frameworks",
				);
				MARKETING_VERSION = 1.0;
				PRODUCT_BUNDLE_IDENTIFIER = artem.artem.ArtemTest;
				PRODUCT_NAME = "$(TARGET_NAME)";
				SWIFT_EMIT_LOC_STRINGS = YES;
				SWIFT_VERSION = 5.0;
				TARGETED_DEVICE_FAMILY = "1,2";
			};
			name = Release;
		};
/* End XCBuildConfiguration section */

/* Begin XCConfigurationList section */
		AC01F75129DA24CA00283A79 /* Build configuration list for PBXProject "ArtemTest" */ = {
			isa = XCConfigurationList;
			buildConfigurations = (
				AC01F76829DA24D300283A79 /* Debug */,
				AC01F76929DA24D300283A79 /* Release */,
			);
			defaultConfigurationIsVisible = 0;
			defaultConfigurationName = Release;
		};
		AC01F76A29DA24D300283A79 /* Build configuration list for PBXNativeTarget "ArtemTest" */ = {
			isa = XCConfigurationList;
			buildConfigurations = (
				AC01F76B29DA24D300283A79 /* Debug */,
				AC01F76C29DA24D300283A79 /* Release */,
			);
			defaultConfigurationIsVisible = 0;
			defaultConfigurationName = Release;
		};
/* End XCConfigurationList section */
	};
	rootObject = AC01F74E29DA24CA00283A79 /* Project object */;
}
